// !$*UTF8*$!
{
	archiveVersion = 1;
	classes = {
	};
	objectVersion = 48;
	objects = {

/* Begin PBXBuildFile section */
		7203A6841FA6619300D04001 /* AP_LeagueCell.swift in Sources */ = {isa = PBXBuildFile; fileRef = 7203A6831FA6619300D04001 /* AP_LeagueCell.swift */; };
		7203A6861FA661D800D04001 /* AP_LeagueVC.swift in Sources */ = {isa = PBXBuildFile; fileRef = 7203A6851FA661D800D04001 /* AP_LeagueVC.swift */; };
		722207871F8C0BB6006870FE /* GetFixtureData.swift in Sources */ = {isa = PBXBuildFile; fileRef = 722207861F8C0BB6006870FE /* GetFixtureData.swift */; };
		722207891F8D5592006870FE /* ServiceRequests.swift in Sources */ = {isa = PBXBuildFile; fileRef = 722207881F8D5592006870FE /* ServiceRequests.swift */; };
		7222078D1F8D6E3B006870FE /* MainCell.swift in Sources */ = {isa = PBXBuildFile; fileRef = 7222078C1F8D6E3B006870FE /* MainCell.swift */; };
		725A71C91FD74C0C004084D3 /* DemoCell.swift in Sources */ = {isa = PBXBuildFile; fileRef = 725A71C81FD74C0C004084D3 /* DemoCell.swift */; };
		725A71CB1FD74C81004084D3 /* MainTableViewController.swift in Sources */ = {isa = PBXBuildFile; fileRef = 725A71CA1FD74C80004084D3 /* MainTableViewController.swift */; };
		72875D041F8C06490013544C /* AppDelegate.swift in Sources */ = {isa = PBXBuildFile; fileRef = 72875D031F8C06490013544C /* AppDelegate.swift */; };
		72875D061F8C06490013544C /* ViewController.swift in Sources */ = {isa = PBXBuildFile; fileRef = 72875D051F8C06490013544C /* ViewController.swift */; };
		72875D091F8C06490013544C /* Main.storyboard in Resources */ = {isa = PBXBuildFile; fileRef = 72875D071F8C06490013544C /* Main.storyboard */; };
		72875D0B1F8C06490013544C /* Assets.xcassets in Resources */ = {isa = PBXBuildFile; fileRef = 72875D0A1F8C06490013544C /* Assets.xcassets */; };
		72875D0E1F8C06490013544C /* LaunchScreen.storyboard in Resources */ = {isa = PBXBuildFile; fileRef = 72875D0C1F8C06490013544C /* LaunchScreen.storyboard */; };
		72875D1A1F8C06B30013544C /* Constants.swift in Sources */ = {isa = PBXBuildFile; fileRef = 72875D191F8C06B30013544C /* Constants.swift */; };
		729138501F99109D00E3EA0A /* TopLeagueSlider.swift in Sources */ = {isa = PBXBuildFile; fileRef = 7291384F1F99109D00E3EA0A /* TopLeagueSlider.swift */; };
		729138521F99453000E3EA0A /* AP_LeagueDetailVC.swift in Sources */ = {isa = PBXBuildFile; fileRef = 729138511F99453000E3EA0A /* AP_LeagueDetailVC.swift */; };
		72AA4AE01FB10E1F00B80152 /* AP_MatchDetailHistoryCell.swift in Sources */ = {isa = PBXBuildFile; fileRef = 72AA4ADF1FB10E1F00B80152 /* AP_MatchDetailHistoryCell.swift */; };
		72DD7D361FCB63EB001F60E9 /* AP_MatchComment.swift in Sources */ = {isa = PBXBuildFile; fileRef = 72DD7D351FCB63EB001F60E9 /* AP_MatchComment.swift */; };
		72EB353E1F93CA9900D54FD4 /* GetFixtureBetweenData.swift in Sources */ = {isa = PBXBuildFile; fileRef = 72EB353D1F93CA9900D54FD4 /* GetFixtureBetweenData.swift */; };
		72EB35401F93DDD800D54FD4 /* AP_GetCountries.swift in Sources */ = {isa = PBXBuildFile; fileRef = 72EB353F1F93DDD800D54FD4 /* AP_GetCountries.swift */; };
		72EB35421F93DE5300D54FD4 /* AP_CountryVC.swift in Sources */ = {isa = PBXBuildFile; fileRef = 72EB35411F93DE5300D54FD4 /* AP_CountryVC.swift */; };
		72EB35461F93E22100D54FD4 /* AP_GetLeagues.swift in Sources */ = {isa = PBXBuildFile; fileRef = 72EB35451F93E22100D54FD4 /* AP_GetLeagues.swift */; };
		72EB35481F93E2B300D54FD4 /* AP_GetStanding.swift in Sources */ = {isa = PBXBuildFile; fileRef = 72EB35471F93E2B300D54FD4 /* AP_GetStanding.swift */; };
		72EB354A1F93E3B900D54FD4 /* AP_GetEvents.swift in Sources */ = {isa = PBXBuildFile; fileRef = 72EB35491F93E3B900D54FD4 /* AP_GetEvents.swift */; };
		72EB354C1F93E45E00D54FD4 /* Ap_GoalScorer.swift in Sources */ = {isa = PBXBuildFile; fileRef = 72EB354B1F93E45E00D54FD4 /* Ap_GoalScorer.swift */; };
		72EB354E1F93E49700D54FD4 /* AP_CardsData.swift in Sources */ = {isa = PBXBuildFile; fileRef = 72EB354D1F93E49700D54FD4 /* AP_CardsData.swift */; };
		72EB35501F93E6E300D54FD4 /* AP_LeagueData.swift in Sources */ = {isa = PBXBuildFile; fileRef = 72EB354F1F93E6E300D54FD4 /* AP_LeagueData.swift */; };
		72EB35521F93E71400D54FD4 /* AP_CountryData.swift in Sources */ = {isa = PBXBuildFile; fileRef = 72EB35511F93E71400D54FD4 /* AP_CountryData.swift */; };
		72EB35541F93E89600D54FD4 /* AP_CountryCell.swift in Sources */ = {isa = PBXBuildFile; fileRef = 72EB35531F93E89600D54FD4 /* AP_CountryCell.swift */; };
		7F9E6359D6A1353294B28CBE /* Pods_SportApp.framework in Frameworks */ = {isa = PBXBuildFile; fileRef = A3C4C7B5FBEA42206D6EA554 /* Pods_SportApp.framework */; };
/* End PBXBuildFile section */

/* Begin PBXFileReference section */
		35F6EA29643B4AF68AC4D5F5 /* Pods-SportApp.debug.xcconfig */ = {isa = PBXFileReference; includeInIndex = 1; lastKnownFileType = text.xcconfig; name = "Pods-SportApp.debug.xcconfig"; path = "Pods/Target Support Files/Pods-SportApp/Pods-SportApp.debug.xcconfig"; sourceTree = "<group>"; };
		575C090935AD3F8186BF36AC /* Pods-SportApp.release.xcconfig */ = {isa = PBXFileReference; includeInIndex = 1; lastKnownFileType = text.xcconfig; name = "Pods-SportApp.release.xcconfig"; path = "Pods/Target Support Files/Pods-SportApp/Pods-SportApp.release.xcconfig"; sourceTree = "<group>"; };
		7203A6831FA6619300D04001 /* AP_LeagueCell.swift */ = {isa = PBXFileReference; lastKnownFileType = sourcecode.swift; path = AP_LeagueCell.swift; sourceTree = "<group>"; };
		7203A6851FA661D800D04001 /* AP_LeagueVC.swift */ = {isa = PBXFileReference; lastKnownFileType = sourcecode.swift; path = AP_LeagueVC.swift; sourceTree = "<group>"; };
		722207861F8C0BB6006870FE /* GetFixtureData.swift */ = {isa = PBXFileReference; lastKnownFileType = sourcecode.swift; path = GetFixtureData.swift; sourceTree = "<group>"; };
		722207881F8D5592006870FE /* ServiceRequests.swift */ = {isa = PBXFileReference; lastKnownFileType = sourcecode.swift; path = ServiceRequests.swift; sourceTree = "<group>"; };
		7222078C1F8D6E3B006870FE /* MainCell.swift */ = {isa = PBXFileReference; lastKnownFileType = sourcecode.swift; path = MainCell.swift; sourceTree = "<group>"; };
		725A71C81FD74C0C004084D3 /* DemoCell.swift */ = {isa = PBXFileReference; fileEncoding = 4; lastKnownFileType = sourcecode.swift; path = DemoCell.swift; sourceTree = "<group>"; };
		725A71CA1FD74C80004084D3 /* MainTableViewController.swift */ = {isa = PBXFileReference; fileEncoding = 4; lastKnownFileType = sourcecode.swift; path = MainTableViewController.swift; sourceTree = "<group>"; };
		72875D001F8C06490013544C /* SportApp.app */ = {isa = PBXFileReference; explicitFileType = wrapper.application; includeInIndex = 0; path = SportApp.app; sourceTree = BUILT_PRODUCTS_DIR; };
		72875D031F8C06490013544C /* AppDelegate.swift */ = {isa = PBXFileReference; lastKnownFileType = sourcecode.swift; path = AppDelegate.swift; sourceTree = "<group>"; };
		72875D051F8C06490013544C /* ViewController.swift */ = {isa = PBXFileReference; lastKnownFileType = sourcecode.swift; path = ViewController.swift; sourceTree = "<group>"; };
		72875D081F8C06490013544C /* Base */ = {isa = PBXFileReference; lastKnownFileType = file.storyboard; name = Base; path = Base.lproj/Main.storyboard; sourceTree = "<group>"; };
		72875D0A1F8C06490013544C /* Assets.xcassets */ = {isa = PBXFileReference; lastKnownFileType = folder.assetcatalog; path = Assets.xcassets; sourceTree = "<group>"; };
		72875D0D1F8C06490013544C /* Base */ = {isa = PBXFileReference; lastKnownFileType = file.storyboard; name = Base; path = Base.lproj/LaunchScreen.storyboard; sourceTree = "<group>"; };
		72875D0F1F8C06490013544C /* Info.plist */ = {isa = PBXFileReference; lastKnownFileType = text.plist.xml; path = Info.plist; sourceTree = "<group>"; };
		72875D191F8C06B30013544C /* Constants.swift */ = {isa = PBXFileReference; lastKnownFileType = sourcecode.swift; path = Constants.swift; sourceTree = "<group>"; };
		7291384F1F99109D00E3EA0A /* TopLeagueSlider.swift */ = {isa = PBXFileReference; lastKnownFileType = sourcecode.swift; path = TopLeagueSlider.swift; sourceTree = "<group>"; };
		729138511F99453000E3EA0A /* AP_LeagueDetailVC.swift */ = {isa = PBXFileReference; lastKnownFileType = sourcecode.swift; path = AP_LeagueDetailVC.swift; sourceTree = "<group>"; };
		72AA4ADF1FB10E1F00B80152 /* AP_MatchDetailHistoryCell.swift */ = {isa = PBXFileReference; lastKnownFileType = sourcecode.swift; path = AP_MatchDetailHistoryCell.swift; sourceTree = "<group>"; };
		72DD7D351FCB63EB001F60E9 /* AP_MatchComment.swift */ = {isa = PBXFileReference; lastKnownFileType = sourcecode.swift; path = AP_MatchComment.swift; sourceTree = "<group>"; };
		72EB353D1F93CA9900D54FD4 /* GetFixtureBetweenData.swift */ = {isa = PBXFileReference; lastKnownFileType = sourcecode.swift; path = GetFixtureBetweenData.swift; sourceTree = "<group>"; };
		72EB353F1F93DDD800D54FD4 /* AP_GetCountries.swift */ = {isa = PBXFileReference; lastKnownFileType = sourcecode.swift; path = AP_GetCountries.swift; sourceTree = "<group>"; };
		72EB35411F93DE5300D54FD4 /* AP_CountryVC.swift */ = {isa = PBXFileReference; lastKnownFileType = sourcecode.swift; path = AP_CountryVC.swift; sourceTree = "<group>"; };
		72EB35451F93E22100D54FD4 /* AP_GetLeagues.swift */ = {isa = PBXFileReference; lastKnownFileType = sourcecode.swift; path = AP_GetLeagues.swift; sourceTree = "<group>"; };
		72EB35471F93E2B300D54FD4 /* AP_GetStanding.swift */ = {isa = PBXFileReference; lastKnownFileType = sourcecode.swift; path = AP_GetStanding.swift; sourceTree = "<group>"; };
		72EB35491F93E3B900D54FD4 /* AP_GetEvents.swift */ = {isa = PBXFileReference; lastKnownFileType = sourcecode.swift; path = AP_GetEvents.swift; sourceTree = "<group>"; };
		72EB354B1F93E45E00D54FD4 /* Ap_GoalScorer.swift */ = {isa = PBXFileReference; lastKnownFileType = sourcecode.swift; path = Ap_GoalScorer.swift; sourceTree = "<group>"; };
		72EB354D1F93E49700D54FD4 /* AP_CardsData.swift */ = {isa = PBXFileReference; lastKnownFileType = sourcecode.swift; path = AP_CardsData.swift; sourceTree = "<group>"; };
		72EB354F1F93E6E300D54FD4 /* AP_LeagueData.swift */ = {isa = PBXFileReference; lastKnownFileType = sourcecode.swift; path = AP_LeagueData.swift; sourceTree = "<group>"; };
		72EB35511F93E71400D54FD4 /* AP_CountryData.swift */ = {isa = PBXFileReference; lastKnownFileType = sourcecode.swift; path = AP_CountryData.swift; sourceTree = "<group>"; };
		72EB35531F93E89600D54FD4 /* AP_CountryCell.swift */ = {isa = PBXFileReference; lastKnownFileType = sourcecode.swift; path = AP_CountryCell.swift; sourceTree = "<group>"; };
		A3C4C7B5FBEA42206D6EA554 /* Pods_SportApp.framework */ = {isa = PBXFileReference; explicitFileType = wrapper.framework; includeInIndex = 0; path = Pods_SportApp.framework; sourceTree = BUILT_PRODUCTS_DIR; };
/* End PBXFileReference section */

/* Begin PBXFrameworksBuildPhase section */
		72875CFD1F8C06490013544C /* Frameworks */ = {
			isa = PBXFrameworksBuildPhase;
			buildActionMask = 2147483647;
			files = (
				7F9E6359D6A1353294B28CBE /* Pods_SportApp.framework in Frameworks */,
			);
			runOnlyForDeploymentPostprocessing = 0;
		};
/* End PBXFrameworksBuildPhase section */

/* Begin PBXGroup section */
		518F4B95A36F5F339CA5A1BE /* Frameworks */ = {
			isa = PBXGroup;
			children = (
				A3C4C7B5FBEA42206D6EA554 /* Pods_SportApp.framework */,
			);
			name = Frameworks;
			sourceTree = "<group>";
		};
		72875CF71F8C06490013544C = {
			isa = PBXGroup;
			children = (
				72875D021F8C06490013544C /* SportApp */,
				72875D011F8C06490013544C /* Products */,
				D81BF52D1197309B5A84F909 /* Pods */,
				518F4B95A36F5F339CA5A1BE /* Frameworks */,
			);
			sourceTree = "<group>";
		};
		72875D011F8C06490013544C /* Products */ = {
			isa = PBXGroup;
			children = (
				72875D001F8C06490013544C /* SportApp.app */,
			);
			name = Products;
			sourceTree = "<group>";
		};
		72875D021F8C06490013544C /* SportApp */ = {
			isa = PBXGroup;
			children = (
				72875D181F8C06920013544C /* View */,
				72875D171F8C06890013544C /* Model */,
				72875D161F8C06820013544C /* Controller */,
				72875D151F8C06770013544C /* Util */,
				72875D031F8C06490013544C /* AppDelegate.swift */,
				72875D071F8C06490013544C /* Main.storyboard */,
				72875D0A1F8C06490013544C /* Assets.xcassets */,
				72875D0C1F8C06490013544C /* LaunchScreen.storyboard */,
				72875D0F1F8C06490013544C /* Info.plist */,
			);
			path = SportApp;
			sourceTree = "<group>";
		};
		72875D151F8C06770013544C /* Util */ = {
			isa = PBXGroup;
			children = (
				72875D191F8C06B30013544C /* Constants.swift */,
			);
			path = Util;
			sourceTree = "<group>";
		};
		72875D161F8C06820013544C /* Controller */ = {
			isa = PBXGroup;
			children = (
				725A71CA1FD74C80004084D3 /* MainTableViewController.swift */,
			);
			path = Controller;
			sourceTree = "<group>";
		};
		72875D171F8C06890013544C /* Model */ = {
			isa = PBXGroup;
			children = (
				722207861F8C0BB6006870FE /* GetFixtureData.swift */,
				722207881F8D5592006870FE /* ServiceRequests.swift */,
				72EB353D1F93CA9900D54FD4 /* GetFixtureBetweenData.swift */,
				72EB353F1F93DDD800D54FD4 /* AP_GetCountries.swift */,
				72EB35451F93E22100D54FD4 /* AP_GetLeagues.swift */,
				72EB35471F93E2B300D54FD4 /* AP_GetStanding.swift */,
				72EB35491F93E3B900D54FD4 /* AP_GetEvents.swift */,
				72EB354B1F93E45E00D54FD4 /* Ap_GoalScorer.swift */,
				72EB354D1F93E49700D54FD4 /* AP_CardsData.swift */,
				72EB354F1F93E6E300D54FD4 /* AP_LeagueData.swift */,
				72EB35511F93E71400D54FD4 /* AP_CountryData.swift */,
				7291384F1F99109D00E3EA0A /* TopLeagueSlider.swift */,
				72DD7D351FCB63EB001F60E9 /* AP_MatchComment.swift */,
			);
			path = Model;
			sourceTree = "<group>";
		};
		72875D181F8C06920013544C /* View */ = {
			isa = PBXGroup;
			children = (
				72EB35431F93DE5C00D54FD4 /* Cell */,
				72875D051F8C06490013544C /* ViewController.swift */,
				72EB35411F93DE5300D54FD4 /* AP_CountryVC.swift */,
				729138511F99453000E3EA0A /* AP_LeagueDetailVC.swift */,
				7203A6851FA661D800D04001 /* AP_LeagueVC.swift */,
			);
			path = View;
			sourceTree = "<group>";
		};
		72EB35431F93DE5C00D54FD4 /* Cell */ = {
			isa = PBXGroup;
			children = (
				725A71C81FD74C0C004084D3 /* DemoCell.swift */,
				72EB35441F93DE6600D54FD4 /* AP */,
				7222078C1F8D6E3B006870FE /* MainCell.swift */,
			);
			path = Cell;
			sourceTree = "<group>";
		};
		72EB35441F93DE6600D54FD4 /* AP */ = {
			isa = PBXGroup;
			children = (
				72EB35531F93E89600D54FD4 /* AP_CountryCell.swift */,
				7203A6831FA6619300D04001 /* AP_LeagueCell.swift */,
				72AA4ADF1FB10E1F00B80152 /* AP_MatchDetailHistoryCell.swift */,
			);
			path = AP;
			sourceTree = "<group>";
		};
		D81BF52D1197309B5A84F909 /* Pods */ = {
			isa = PBXGroup;
			children = (
				35F6EA29643B4AF68AC4D5F5 /* Pods-SportApp.debug.xcconfig */,
				575C090935AD3F8186BF36AC /* Pods-SportApp.release.xcconfig */,
			);
			name = Pods;
			sourceTree = "<group>";
		};
/* End PBXGroup section */

/* Begin PBXNativeTarget section */
		72875CFF1F8C06490013544C /* SportApp */ = {
			isa = PBXNativeTarget;
			buildConfigurationList = 72875D121F8C06490013544C /* Build configuration list for PBXNativeTarget "SportApp" */;
			buildPhases = (
				9D7175C254C103FF251EA63C /* [CP] Check Pods Manifest.lock */,
				72875CFC1F8C06490013544C /* Sources */,
				72875CFD1F8C06490013544C /* Frameworks */,
				72875CFE1F8C06490013544C /* Resources */,
				9BFAFF0EA24918B0BC7AA582 /* [CP] Embed Pods Frameworks */,
				C3926E53400582C607FE64A0 /* [CP] Copy Pods Resources */,
			);
			buildRules = (
			);
			dependencies = (
			);
			name = SportApp;
			productName = SportApp;
			productReference = 72875D001F8C06490013544C /* SportApp.app */;
			productType = "com.apple.product-type.application";
		};
/* End PBXNativeTarget section */

/* Begin PBXProject section */
		72875CF81F8C06490013544C /* Project object */ = {
			isa = PBXProject;
			attributes = {
				LastSwiftUpdateCheck = 0900;
				LastUpgradeCheck = 0900;
				ORGANIZATIONNAME = "Norbert Czirjak";
				TargetAttributes = {
					72875CFF1F8C06490013544C = {
						CreatedOnToolsVersion = 9.0;
						ProvisioningStyle = Automatic;
					};
				};
			};
			buildConfigurationList = 72875CFB1F8C06490013544C /* Build configuration list for PBXProject "SportApp" */;
			compatibilityVersion = "Xcode 8.0";
			developmentRegion = en;
			hasScannedForEncodings = 0;
			knownRegions = (
				en,
				Base,
			);
			mainGroup = 72875CF71F8C06490013544C;
			productRefGroup = 72875D011F8C06490013544C /* Products */;
			projectDirPath = "";
			projectRoot = "";
			targets = (
				72875CFF1F8C06490013544C /* SportApp */,
			);
		};
/* End PBXProject section */

/* Begin PBXResourcesBuildPhase section */
		72875CFE1F8C06490013544C /* Resources */ = {
			isa = PBXResourcesBuildPhase;
			buildActionMask = 2147483647;
			files = (
				72875D0E1F8C06490013544C /* LaunchScreen.storyboard in Resources */,
				72875D0B1F8C06490013544C /* Assets.xcassets in Resources */,
				72875D091F8C06490013544C /* Main.storyboard in Resources */,
			);
			runOnlyForDeploymentPostprocessing = 0;
		};
/* End PBXResourcesBuildPhase section */

/* Begin PBXShellScriptBuildPhase section */
		9BFAFF0EA24918B0BC7AA582 /* [CP] Embed Pods Frameworks */ = {
			isa = PBXShellScriptBuildPhase;
			buildActionMask = 2147483647;
			files = (
			);
			inputPaths = (
				"${SRCROOT}/Pods/Target Support Files/Pods-SportApp/Pods-SportApp-frameworks.sh",
				"${BUILT_PRODUCTS_DIR}/Alamofire/Alamofire.framework",
				"${BUILT_PRODUCTS_DIR}/FoldingCell/FoldingCell.framework",
				"${BUILT_PRODUCTS_DIR}/SVProgressHUD/SVProgressHUD.framework",
				"${BUILT_PRODUCTS_DIR}/ScrollableDatepicker/ScrollableDatepicker.framework",
				"${BUILT_PRODUCTS_DIR}/SwiftyJSON/SwiftyJSON.framework",
			);
			name = "[CP] Embed Pods Frameworks";
			outputPaths = (
				"${TARGET_BUILD_DIR}/${FRAMEWORKS_FOLDER_PATH}/Alamofire.framework",
				"${TARGET_BUILD_DIR}/${FRAMEWORKS_FOLDER_PATH}/FoldingCell.framework",
				"${TARGET_BUILD_DIR}/${FRAMEWORKS_FOLDER_PATH}/SVProgressHUD.framework",
				"${TARGET_BUILD_DIR}/${FRAMEWORKS_FOLDER_PATH}/ScrollableDatepicker.framework",
				"${TARGET_BUILD_DIR}/${FRAMEWORKS_FOLDER_PATH}/SwiftyJSON.framework",
			);
			runOnlyForDeploymentPostprocessing = 0;
			shellPath = /bin/sh;
			shellScript = "\"${SRCROOT}/Pods/Target Support Files/Pods-SportApp/Pods-SportApp-frameworks.sh\"\n";
			showEnvVarsInLog = 0;
		};
		9D7175C254C103FF251EA63C /* [CP] Check Pods Manifest.lock */ = {
			isa = PBXShellScriptBuildPhase;
			buildActionMask = 2147483647;
			files = (
			);
			inputPaths = (
				"${PODS_PODFILE_DIR_PATH}/Podfile.lock",
				"${PODS_ROOT}/Manifest.lock",
			);
			name = "[CP] Check Pods Manifest.lock";
			outputPaths = (
				"$(DERIVED_FILE_DIR)/Pods-SportApp-checkManifestLockResult.txt",
			);
			runOnlyForDeploymentPostprocessing = 0;
			shellPath = /bin/sh;
			shellScript = "diff \"${PODS_PODFILE_DIR_PATH}/Podfile.lock\" \"${PODS_ROOT}/Manifest.lock\" > /dev/null\nif [ $? != 0 ] ; then\n    # print error to STDERR\n    echo \"error: The sandbox is not in sync with the Podfile.lock. Run 'pod install' or update your CocoaPods installation.\" >&2\n    exit 1\nfi\n# This output is used by Xcode 'outputs' to avoid re-running this script phase.\necho \"SUCCESS\" > \"${SCRIPT_OUTPUT_FILE_0}\"\n";
			showEnvVarsInLog = 0;
		};
		C3926E53400582C607FE64A0 /* [CP] Copy Pods Resources */ = {
			isa = PBXShellScriptBuildPhase;
			buildActionMask = 2147483647;
			files = (
			);
			inputPaths = (
			);
			name = "[CP] Copy Pods Resources";
			outputPaths = (
			);
			runOnlyForDeploymentPostprocessing = 0;
			shellPath = /bin/sh;
			shellScript = "\"${SRCROOT}/Pods/Target Support Files/Pods-SportApp/Pods-SportApp-resources.sh\"\n";
			showEnvVarsInLog = 0;
		};
/* End PBXShellScriptBuildPhase section */

/* Begin PBXSourcesBuildPhase section */
		72875CFC1F8C06490013544C /* Sources */ = {
			isa = PBXSourcesBuildPhase;
			buildActionMask = 2147483647;
			files = (
				72EB35501F93E6E300D54FD4 /* AP_LeagueData.swift in Sources */,
				722207871F8C0BB6006870FE /* GetFixtureData.swift in Sources */,
				72EB35421F93DE5300D54FD4 /* AP_CountryVC.swift in Sources */,
				725A71CB1FD74C81004084D3 /* MainTableViewController.swift in Sources */,
				729138501F99109D00E3EA0A /* TopLeagueSlider.swift in Sources */,
				72EB35461F93E22100D54FD4 /* AP_GetLeagues.swift in Sources */,
				72EB35541F93E89600D54FD4 /* AP_CountryCell.swift in Sources */,
				72EB353E1F93CA9900D54FD4 /* GetFixtureBetweenData.swift in Sources */,
				72875D061F8C06490013544C /* ViewController.swift in Sources */,
				72DD7D361FCB63EB001F60E9 /* AP_MatchComment.swift in Sources */,
				7222078D1F8D6E3B006870FE /* MainCell.swift in Sources */,
				72EB35401F93DDD800D54FD4 /* AP_GetCountries.swift in Sources */,
				72875D041F8C06490013544C /* AppDelegate.swift in Sources */,
				722207891F8D5592006870FE /* ServiceRequests.swift in Sources */,
				7203A6861FA661D800D04001 /* AP_LeagueVC.swift in Sources */,
				725A71C91FD74C0C004084D3 /* DemoCell.swift in Sources */,
				72875D1A1F8C06B30013544C /* Constants.swift in Sources */,
				7203A6841FA6619300D04001 /* AP_LeagueCell.swift in Sources */,
				72EB354A1F93E3B900D54FD4 /* AP_GetEvents.swift in Sources */,
				72AA4AE01FB10E1F00B80152 /* AP_MatchDetailHistoryCell.swift in Sources */,
				72EB354C1F93E45E00D54FD4 /* Ap_GoalScorer.swift in Sources */,
				72EB35521F93E71400D54FD4 /* AP_CountryData.swift in Sources */,
				72EB354E1F93E49700D54FD4 /* AP_CardsData.swift in Sources */,
				729138521F99453000E3EA0A /* AP_LeagueDetailVC.swift in Sources */,
				72EB35481F93E2B300D54FD4 /* AP_GetStanding.swift in Sources */,
			);
			runOnlyForDeploymentPostprocessing = 0;
		};
/* End PBXSourcesBuildPhase section */

/* Begin PBXVariantGroup section */
		72875D071F8C06490013544C /* Main.storyboard */ = {
			isa = PBXVariantGroup;
			children = (
				72875D081F8C06490013544C /* Base */,
			);
			name = Main.storyboard;
			sourceTree = "<group>";
		};
		72875D0C1F8C06490013544C /* LaunchScreen.storyboard */ = {
			isa = PBXVariantGroup;
			children = (
				72875D0D1F8C06490013544C /* Base */,
			);
			name = LaunchScreen.storyboard;
			sourceTree = "<group>";
		};
/* End PBXVariantGroup section */

/* Begin XCBuildConfiguration section */
		72875D101F8C06490013544C /* Debug */ = {
			isa = XCBuildConfiguration;
			buildSettings = {
				ALWAYS_SEARCH_USER_PATHS = NO;
				CLANG_ANALYZER_NONNULL = YES;
				CLANG_ANALYZER_NUMBER_OBJECT_CONVERSION = YES_AGGRESSIVE;
				CLANG_CXX_LANGUAGE_STANDARD = "gnu++14";
				CLANG_CXX_LIBRARY = "libc++";
				CLANG_ENABLE_MODULES = YES;
				CLANG_ENABLE_OBJC_ARC = YES;
				CLANG_WARN_BLOCK_CAPTURE_AUTORELEASING = YES;
				CLANG_WARN_BOOL_CONVERSION = YES;
				CLANG_WARN_COMMA = YES;
				CLANG_WARN_CONSTANT_CONVERSION = YES;
				CLANG_WARN_DIRECT_OBJC_ISA_USAGE = YES_ERROR;
				CLANG_WARN_DOCUMENTATION_COMMENTS = YES;
				CLANG_WARN_EMPTY_BODY = YES;
				CLANG_WARN_ENUM_CONVERSION = YES;
				CLANG_WARN_INFINITE_RECURSION = YES;
				CLANG_WARN_INT_CONVERSION = YES;
				CLANG_WARN_NON_LITERAL_NULL_CONVERSION = YES;
				CLANG_WARN_OBJC_LITERAL_CONVERSION = YES;
				CLANG_WARN_OBJC_ROOT_CLASS = YES_ERROR;
				CLANG_WARN_RANGE_LOOP_ANALYSIS = YES;
				CLANG_WARN_STRICT_PROTOTYPES = YES;
				CLANG_WARN_SUSPICIOUS_MOVE = YES;
				CLANG_WARN_UNGUARDED_AVAILABILITY = YES_AGGRESSIVE;
				CLANG_WARN_UNREACHABLE_CODE = YES;
				CLANG_WARN__DUPLICATE_METHOD_MATCH = YES;
				CODE_SIGN_IDENTITY = "iPhone Developer";
				COPY_PHASE_STRIP = NO;
				DEBUG_INFORMATION_FORMAT = dwarf;
				ENABLE_STRICT_OBJC_MSGSEND = YES;
				ENABLE_TESTABILITY = YES;
				GCC_C_LANGUAGE_STANDARD = gnu11;
				GCC_DYNAMIC_NO_PIC = NO;
				GCC_NO_COMMON_BLOCKS = YES;
				GCC_OPTIMIZATION_LEVEL = 0;
				GCC_PREPROCESSOR_DEFINITIONS = (
					"DEBUG=1",
					"$(inherited)",
				);
				GCC_WARN_64_TO_32_BIT_CONVERSION = YES;
				GCC_WARN_ABOUT_RETURN_TYPE = YES_ERROR;
				GCC_WARN_UNDECLARED_SELECTOR = YES;
				GCC_WARN_UNINITIALIZED_AUTOS = YES_AGGRESSIVE;
				GCC_WARN_UNUSED_FUNCTION = YES;
				GCC_WARN_UNUSED_VARIABLE = YES;
				IPHONEOS_DEPLOYMENT_TARGET = 11.0;
				MTL_ENABLE_DEBUG_INFO = YES;
				ONLY_ACTIVE_ARCH = YES;
				SDKROOT = iphoneos;
				SWIFT_ACTIVE_COMPILATION_CONDITIONS = DEBUG;
				SWIFT_OPTIMIZATION_LEVEL = "-Onone";
			};
			name = Debug;
		};
		72875D111F8C06490013544C /* Release */ = {
			isa = XCBuildConfiguration;
			buildSettings = {
				ALWAYS_SEARCH_USER_PATHS = NO;
				CLANG_ANALYZER_NONNULL = YES;
				CLANG_ANALYZER_NUMBER_OBJECT_CONVERSION = YES_AGGRESSIVE;
				CLANG_CXX_LANGUAGE_STANDARD = "gnu++14";
				CLANG_CXX_LIBRARY = "libc++";
				CLANG_ENABLE_MODULES = YES;
				CLANG_ENABLE_OBJC_ARC = YES;
				CLANG_WARN_BLOCK_CAPTURE_AUTORELEASING = YES;
				CLANG_WARN_BOOL_CONVERSION = YES;
				CLANG_WARN_COMMA = YES;
				CLANG_WARN_CONSTANT_CONVERSION = YES;
				CLANG_WARN_DIRECT_OBJC_ISA_USAGE = YES_ERROR;
				CLANG_WARN_DOCUMENTATION_COMMENTS = YES;
				CLANG_WARN_EMPTY_BODY = YES;
				CLANG_WARN_ENUM_CONVERSION = YES;
				CLANG_WARN_INFINITE_RECURSION = YES;
				CLANG_WARN_INT_CONVERSION = YES;
				CLANG_WARN_NON_LITERAL_NULL_CONVERSION = YES;
				CLANG_WARN_OBJC_LITERAL_CONVERSION = YES;
				CLANG_WARN_OBJC_ROOT_CLASS = YES_ERROR;
				CLANG_WARN_RANGE_LOOP_ANALYSIS = YES;
				CLANG_WARN_STRICT_PROTOTYPES = YES;
				CLANG_WARN_SUSPICIOUS_MOVE = YES;
				CLANG_WARN_UNGUARDED_AVAILABILITY = YES_AGGRESSIVE;
				CLANG_WARN_UNREACHABLE_CODE = YES;
				CLANG_WARN__DUPLICATE_METHOD_MATCH = YES;
				CODE_SIGN_IDENTITY = "iPhone Developer";
				COPY_PHASE_STRIP = NO;
				DEBUG_INFORMATION_FORMAT = "dwarf-with-dsym";
				ENABLE_NS_ASSERTIONS = NO;
				ENABLE_STRICT_OBJC_MSGSEND = YES;
				GCC_C_LANGUAGE_STANDARD = gnu11;
				GCC_NO_COMMON_BLOCKS = YES;
				GCC_WARN_64_TO_32_BIT_CONVERSION = YES;
				GCC_WARN_ABOUT_RETURN_TYPE = YES_ERROR;
				GCC_WARN_UNDECLARED_SELECTOR = YES;
				GCC_WARN_UNINITIALIZED_AUTOS = YES_AGGRESSIVE;
				GCC_WARN_UNUSED_FUNCTION = YES;
				GCC_WARN_UNUSED_VARIABLE = YES;
				IPHONEOS_DEPLOYMENT_TARGET = 11.0;
				MTL_ENABLE_DEBUG_INFO = NO;
				SDKROOT = iphoneos;
				SWIFT_OPTIMIZATION_LEVEL = "-Owholemodule";
				VALIDATE_PRODUCT = YES;
			};
			name = Release;
		};
		72875D131F8C06490013544C /* Debug */ = {
			isa = XCBuildConfiguration;
			baseConfigurationReference = 35F6EA29643B4AF68AC4D5F5 /* Pods-SportApp.debug.xcconfig */;
			buildSettings = {
				ASSETCATALOG_COMPILER_APPICON_NAME = AppIcon;
				CODE_SIGN_STYLE = Automatic;
				DEVELOPMENT_TEAM = 295STQ54Z5;
				INFOPLIST_FILE = SportApp/Info.plist;
				LD_RUNPATH_SEARCH_PATHS = "$(inherited) @executable_path/Frameworks";
				PRODUCT_BUNDLE_IDENTIFIER = com.favorinet.SportApp;
				PRODUCT_NAME = "$(TARGET_NAME)";
				SWIFT_VERSION = 4.0;
				TARGETED_DEVICE_FAMILY = 1;
			};
			name = Debug;
		};
		72875D141F8C06490013544C /* Release */ = {
			isa = XCBuildConfiguration;
			baseConfigurationReference = 575C090935AD3F8186BF36AC /* Pods-SportApp.release.xcconfig */;
			buildSettings = {
				ASSETCATALOG_COMPILER_APPICON_NAME = AppIcon;
				CODE_SIGN_STYLE = Automatic;
				DEVELOPMENT_TEAM = 295STQ54Z5;
				INFOPLIST_FILE = SportApp/Info.plist;
				LD_RUNPATH_SEARCH_PATHS = "$(inherited) @executable_path/Frameworks";
				PRODUCT_BUNDLE_IDENTIFIER = com.favorinet.SportApp;
				PRODUCT_NAME = "$(TARGET_NAME)";
				SWIFT_VERSION = 4.0;
				TARGETED_DEVICE_FAMILY = 1;
			};
			name = Release;
		};
/* End XCBuildConfiguration section */

/* Begin XCConfigurationList section */
		72875CFB1F8C06490013544C /* Build configuration list for PBXProject "SportApp" */ = {
			isa = XCConfigurationList;
			buildConfigurations = (
				72875D101F8C06490013544C /* Debug */,
				72875D111F8C06490013544C /* Release */,
			);
			defaultConfigurationIsVisible = 0;
			defaultConfigurationName = Release;
		};
		72875D121F8C06490013544C /* Build configuration list for PBXNativeTarget "SportApp" */ = {
			isa = XCConfigurationList;
			buildConfigurations = (
				72875D131F8C06490013544C /* Debug */,
				72875D141F8C06490013544C /* Release */,
			);
			defaultConfigurationIsVisible = 0;
			defaultConfigurationName = Release;
		};
/* End XCConfigurationList section */
	};
	rootObject = 72875CF81F8C06490013544C /* Project object */;
}
